
Microsoft Visual Studio Solution File, Format Version 12.00
# Visual Studio Version 17
VisualStudioVersion = 17.9.34622.214
MinimumVisualStudioVersion = 10.0.40219.1
Project("{9A19103F-16F7-4668-BE54-9A1E7A4F7556}") = "MazeGameApplication", "MazeGameApplication.csproj", "{FCB70E27-6066-4D3B-93A8-368FCBF6B4BC}"
	ProjectSection(ProjectDependencies) = postProject
		{E3F24D98-53EE-44FC-9553-926A5A251311} = {E3F24D98-53EE-44FC-9553-926A5A251311}
	EndProjectSection
EndProject
Project("{9A19103F-16F7-4668-BE54-9A1E7A4F7556}") = "MazeGameDomain", "..\MazeGameDomain\MazeGameDomain.csproj", "{E3F24D98-53EE-44FC-9553-926A5A251311}"
EndProject
Project("{FAE04EC0-301F-11D3-BF4B-00C04F79EFBC}") = "MazeGameUnitTest", "..\MazeGameUnitTest\MazeGameUnitTest.csproj", "{96F43505-856F-4AD1-B03A-BCED0F32AE1E}"
	ProjectSection(ProjectDependencies) = postProject
		{E3F24D98-53EE-44FC-9553-926A5A251311} = {E3F24D98-53EE-44FC-9553-926A5A251311}
		{FCB70E27-6066-4D3B-93A8-368FCBF6B4BC} = {FCB70E27-6066-4D3B-93A8-368FCBF6B4BC}
	EndProjectSection
EndProject
Global
	GlobalSection(SolutionConfigurationPlatforms) = preSolution
		Debug|Any CPU = Debug|Any CPU
		Release|Any CPU = Release|Any CPU
	EndGlobalSection
	GlobalSection(ProjectConfigurationPlatforms) = postSolution
		{FCB70E27-6066-4D3B-93A8-368FCBF6B4BC}.Debug|Any CPU.ActiveCfg = Debug|Any CPU
		{FCB70E27-6066-4D3B-93A8-368FCBF6B4BC}.Debug|Any CPU.Build.0 = Debug|Any CPU
		{FCB70E27-6066-4D3B-93A8-368FCBF6B4BC}.Release|Any CPU.ActiveCfg = Release|Any CPU
		{FCB70E27-6066-4D3B-93A8-368FCBF6B4BC}.Release|Any CPU.Build.0 = Release|Any CPU
		{E3F24D98-53EE-44FC-9553-926A5A251311}.Debug|Any CPU.ActiveCfg = Debug|Any CPU
		{E3F24D98-53EE-44FC-9553-926A5A251311}.Debug|Any CPU.Build.0 = Debug|Any CPU
		{E3F24D98-53EE-44FC-9553-926A5A251311}.Release|Any CPU.ActiveCfg = Release|Any CPU
		{E3F24D98-53EE-44FC-9553-926A5A251311}.Release|Any CPU.Build.0 = Release|Any CPU
		{96F43505-856F-4AD1-B03A-BCED0F32AE1E}.Debug|Any CPU.ActiveCfg = Debug|Any CPU
		{96F43505-856F-4AD1-B03A-BCED0F32AE1E}.Debug|Any CPU.Build.0 = Debug|Any CPU
		{96F43505-856F-4AD1-B03A-BCED0F32AE1E}.Release|Any CPU.ActiveCfg = Release|Any CPU
		{96F43505-856F-4AD1-B03A-BCED0F32AE1E}.Release|Any CPU.Build.0 = Release|Any CPU
	EndGlobalSection
	GlobalSection(SolutionProperties) = preSolution
		HideSolutionNode = FALSE
	EndGlobalSection
	GlobalSection(ExtensibilityGlobals) = postSolution
		SolutionGuid = {F99CD383-D9A7-4EEB-B5EC-2230F0A0005D}
	EndGlobalSection
EndGlobal
